// !$*UTF8*$!
{
	archiveVersion = 1;
	classes = {
	};
	objectVersion = 46;
	objects = {

/* Begin PBXBuildFile section */
		5762FD921D190488008E1E48 /* BNREmployee.m in Sources */ = {isa = PBXBuildFile; fileRef = 5762FD911D190488008E1E48 /* BNREmployee.m */; };
		5762FD951D190492008E1E48 /* BNRAsset.m in Sources */ = {isa = PBXBuildFile; fileRef = 5762FD941D190492008E1E48 /* BNRAsset.m */; };
		57AF3BBC1D175F9400F65223 /* main.m in Sources */ = {isa = PBXBuildFile; fileRef = 57AF3BBB1D175F9400F65223 /* main.m */; };
		57AF3BC41D17624900F65223 /* BNRPerson.m in Sources */ = {isa = PBXBuildFile; fileRef = 57AF3BC31D17624900F65223 /* BNRPerson.m */; };
/* End PBXBuildFile section */

/* Begin PBXCopyFilesBuildPhase section */
		57AF3BB61D175F9400F65223 /* CopyFiles */ = {
			isa = PBXCopyFilesBuildPhase;
			buildActionMask = 2147483647;
			dstPath = /usr/share/man/man1/;
			dstSubfolderSpec = 0;
			files = (
			);
			runOnlyForDeploymentPostprocessing = 1;
		};
/* End PBXCopyFilesBuildPhase section */

/* Begin PBXFileReference section */
		5762FD901D190488008E1E48 /* BNREmployee.h */ = {isa = PBXFileReference; fileEncoding = 4; lastKnownFileType = sourcecode.c.h; path = BNREmployee.h; sourceTree = "<group>"; };
		5762FD911D190488008E1E48 /* BNREmployee.m */ = {isa = PBXFileReference; fileEncoding = 4; lastKnownFileType = sourcecode.c.objc; path = BNREmployee.m; sourceTree = "<group>"; };
		5762FD931D190492008E1E48 /* BNRAsset.h */ = {isa = PBXFileReference; fileEncoding = 4; lastKnownFileType = sourcecode.c.h; path = BNRAsset.h; sourceTree = "<group>"; };
		5762FD941D190492008E1E48 /* BNRAsset.m */ = {isa = PBXFileReference; fileEncoding = 4; lastKnownFileType = sourcecode.c.objc; path = BNRAsset.m; sourceTree = "<group>"; };
		57AF3BB81D175F9400F65223 /* bmitime */ = {isa = PBXFileReference; explicitFileType = "compiled.mach-o.executable"; includeInIndex = 0; path = bmitime; sourceTree = BUILT_PRODUCTS_DIR; };
		57AF3BBB1D175F9400F65223 /* main.m */ = {isa = PBXFileReference; lastKnownFileType = sourcecode.c.objc; path = main.m; sourceTree = "<group>"; };
		57AF3BC21D17623300F65223 /* BNRPerson.h */ = {isa = PBXFileReference; lastKnownFileType = sourcecode.c.h; path = BNRPerson.h; sourceTree = "<group>"; };
		57AF3BC31D17624900F65223 /* BNRPerson.m */ = {isa = PBXFileReference; fileEncoding = 4; lastKnownFileType = sourcecode.c.objc; path = BNRPerson.m; sourceTree = "<group>"; };
/* End PBXFileReference section */

/* Begin PBXFrameworksBuildPhase section */
		57AF3BB51D175F9400F65223 /* Frameworks */ = {
			isa = PBXFrameworksBuildPhase;
			buildActionMask = 2147483647;
			files = (
			);
			runOnlyForDeploymentPostprocessing = 0;
		};
/* End PBXFrameworksBuildPhase section */

/* Begin PBXGroup section */
		57AF3BAF1D175F9400F65223 = {
			isa = PBXGroup;
			children = (
				57AF3BBA1D175F9400F65223 /* bmitime */,
				57AF3BB91D175F9400F65223 /* Products */,
			);
			sourceTree = "<group>";
		};
		57AF3BB91D175F9400F65223 /* Products */ = {
			isa = PBXGroup;
			children = (
				57AF3BB81D175F9400F65223 /* bmitime */,
			);
			name = Products;
			sourceTree = "<group>";
		};
		57AF3BBA1D175F9400F65223 /* bmitime */ = {
			isa = PBXGroup;
			children = (
				57AF3BBB1D175F9400F65223 /* main.m */,
				57AF3BC21D17623300F65223 /* BNRPerson.h */,
				57AF3BC31D17624900F65223 /* BNRPerson.m */,
				5762FD901D190488008E1E48 /* BNREmployee.h */,
				5762FD911D190488008E1E48 /* BNREmployee.m */,
				5762FD931D190492008E1E48 /* BNRAsset.h */,
				5762FD941D190492008E1E48 /* BNRAsset.m */,
			);
			path = bmitime;
			sourceTree = "<group>";
		};
/* End PBXGroup section */

/* Begin PBXNativeTarget section */
		57AF3BB71D175F9400F65223 /* bmitime */ = {
			isa = PBXNativeTarget;
			buildConfigurationList = 57AF3BBF1D175F9400F65223 /* Build configuration list for PBXNativeTarget "bmitime" */;
			buildPhases = (
				57AF3BB41D175F9400F65223 /* Sources */,
				57AF3BB51D175F9400F65223 /* Frameworks */,
				57AF3BB61D175F9400F65223 /* CopyFiles */,
			);
			buildRules = (
			);
			dependencies = (
			);
			name = bmitime;
			productName = bmitime;
			productReference = 57AF3BB81D175F9400F65223 /* bmitime */;
			productType = "com.apple.product-type.tool";
		};
/* End PBXNativeTarget section */

/* Begin PBXProject section */
		57AF3BB01D175F9400F65223 /* Project object */ = {
			isa = PBXProject;
			attributes = {
				LastUpgradeCheck = 0730;
				ORGANIZATIONNAME = "Dan Patey";
				TargetAttributes = {
					57AF3BB71D175F9400F65223 = {
						CreatedOnToolsVersion = 7.3.1;
					};
				};
			};
			buildConfigurationList = 57AF3BB31D175F9400F65223 /* Build configuration list for PBXProject "bmitime" */;
			compatibilityVersion = "Xcode 3.2";
			developmentRegion = English;
			hasScannedForEncodings = 0;
			knownRegions = (
				en,
			);
			mainGroup = 57AF3BAF1D175F9400F65223;
			productRefGroup = 57AF3BB91D175F9400F65223 /* Products */;
			projectDirPath = "";
			projectRoot = "";
			targets = (
				57AF3BB71D175F9400F65223 /* bmitime */,
			);
		};
/* End PBXProject section */

/* Begin PBXSourcesBuildPhase section */
		57AF3BB41D175F9400F65223 /* Sources */ = {
			isa = PBXSourcesBuildPhase;
			buildActionMask = 2147483647;
			files = (
				5762FD921D190488008E1E48 /* BNREmployee.m in Sources */,
				57AF3BBC1D175F9400F65223 /* main.m in Sources */,
				57AF3BC41D17624900F65223 /* BNRPerson.m in Sources */,
				5762FD951D190492008E1E48 /* BNRAsset.m in Sources */,
			);
			runOnlyForDeploymentPostprocessing = 0;
		};
/* End PBXSourcesBuildPhase section */

/* Begin XCBuildConfiguration section */
		57AF3BBD1D175F9400F65223 /* Debug */ = {
			isa = XCBuildConfiguration;
			buildSettings = {
				ALWAYS_SEARCH_USER_PATHS = NO;
				CLANG_ANALYZER_NONNULL = YES;
				CLANG_CXX_LANGUAGE_STANDARD = "gnu++0x";
				CLANG_CXX_LIBRARY = "libc++";
				CLANG_ENABLE_MODULES = YES;
				CLANG_ENABLE_OBJC_ARC = YES;
				CLANG_WARN_BOOL_CONVERSION = YES;
				CLANG_WARN_CONSTANT_CONVERSION = YES;
				CLANG_WARN_DIRECT_OBJC_ISA_USAGE = YES_ERROR;
				CLANG_WARN_EMPTY_BODY = YES;
				CLANG_WARN_ENUM_CONVERSION = YES;
				CLANG_WARN_INT_CONVERSION = YES;
				CLANG_WARN_OBJC_ROOT_CLASS = YES_ERROR;
				CLANG_WARN_UNREACHABLE_CODE = YES;
				CLANG_WARN__DUPLICATE_METHOD_MATCH = YES;
				CODE_SIGN_IDENTITY = "-";
				COPY_PHASE_STRIP = NO;
				DEBUG_INFORMATION_FORMAT = dwarf;
				ENABLE_STRICT_OBJC_MSGSEND = YES;
				ENABLE_TESTABILITY = YES;
				GCC_C_LANGUAGE_STANDARD = gnu99;
				GCC_DYNAMIC_NO_PIC = NO;
				GCC_NO_COMMON_BLOCKS = YES;
				GCC_OPTIMIZATION_LEVEL = 0;
				GCC_PREPROCESSOR_DEFINITIONS = (
					"DEBUG=1",
					"$(inherited)",
				);
				GCC_WARN_64_TO_32_BIT_CONVERSION = YES;
				GCC_WARN_ABOUT_RETURN_TYPE = YES_ERROR;
				GCC_WARN_UNDECLARED_SELECTOR = YES;
				GCC_WARN_UNINITIALIZED_AUTOS = YES_AGGRESSIVE;
				GCC_WARN_UNUSED_FUNCTION = YES;
				GCC_WARN_UNUSED_VARIABLE = YES;
				MACOSX_DEPLOYMENT_TARGET = 10.11;
				MTL_ENABLE_DEBUG_INFO = YES;
				ONLY_ACTIVE_ARCH = YES;
				SDKROOT = macosx;
			};
			name = Debug;
		};
		57AF3BBE1D175F9400F65223 /* Release */ = {
			isa = XCBuildConfiguration;
			buildSettings = {
				ALWAYS_SEARCH_USER_PATHS = NO;
				CLANG_ANALYZER_NONNULL = YES;
				CLANG_CXX_LANGUAGE_STANDARD = "gnu++0x";
				CLANG_CXX_LIBRARY = "libc++";
				CLANG_ENABLE_MODULES = YES;
				CLANG_ENABLE_OBJC_ARC = YES;
				CLANG_WARN_BOOL_CONVERSION = YES;
				CLANG_WARN_CONSTANT_CONVERSION = YES;
				CLANG_WARN_DIRECT_OBJC_ISA_USAGE = YES_ERROR;
				CLANG_WARN_EMPTY_BODY = YES;
				CLANG_WARN_ENUM_CONVERSION = YES;
				CLANG_WARN_INT_CONVERSION = YES;
				CLANG_WARN_OBJC_ROOT_CLASS = YES_ERROR;
				CLANG_WARN_UNREACHABLE_CODE = YES;
				CLANG_WARN__DUPLICATE_METHOD_MATCH = YES;
				CODE_SIGN_IDENTITY = "-";
				COPY_PHASE_STRIP = NO;
				DEBUG_INFORMATION_FORMAT = "dwarf-with-dsym";
				ENABLE_NS_ASSERTIONS = NO;
				ENABLE_STRICT_OBJC_MSGSEND = YES;
				GCC_C_LANGUAGE_STANDARD = gnu99;
				GCC_NO_COMMON_BLOCKS = YES;
				GCC_WARN_64_TO_32_BIT_CONVERSION = YES;
				GCC_WARN_ABOUT_RETURN_TYPE = YES_ERROR;
				GCC_WARN_UNDECLARED_SELECTOR = YES;
				GCC_WARN_UNINITIALIZED_AUTOS = YES_AGGRESSIVE;
				GCC_WARN_UNUSED_FUNCTION = YES;
				GCC_WARN_UNUSED_VARIABLE = YES;
				MACOSX_DEPLOYMENT_TARGET = 10.11;
				MTL_ENABLE_DEBUG_INFO = NO;
				SDKROOT = macosx;
			};
			name = Release;
		};
		57AF3BC01D175F9400F65223 /* Debug */ = {
			isa = XCBuildConfiguration;
			buildSettings = {
				PRODUCT_NAME = "$(TARGET_NAME)";
			};
			name = Debug;
		};
		57AF3BC11D175F9400F65223 /* Release */ = {
			isa = XCBuildConfiguration;
			buildSettings = {
				PRODUCT_NAME = "$(TARGET_NAME)";
			};
			name = Release;
		};
/* End XCBuildConfiguration section */

/* Begin XCConfigurationList section */
		57AF3BB31D175F9400F65223 /* Build configuration list for PBXProject "bmitime" */ = {
			isa = XCConfigurationList;
			buildConfigurations = (
				57AF3BBD1D175F9400F65223 /* Debug */,
				57AF3BBE1D175F9400F65223 /* Release */,
			);
			defaultConfigurationIsVisible = 0;
			defaultConfigurationName = Release;
		};
		57AF3BBF1D175F9400F65223 /* Build configuration list for PBXNativeTarget "bmitime" */ = {
			isa = XCConfigurationList;
			buildConfigurations = (
				57AF3BC01D175F9400F65223 /* Debug */,
				57AF3BC11D175F9400F65223 /* Release */,
			);
			defaultConfigurationIsVisible = 0;
			defaultConfigurationName = Release;
		};
/* End XCConfigurationList section */
	};
	rootObject = 57AF3BB01D175F9400F65223 /* Project object */;
}
